
Microsoft Visual Studio Solution File, Format Version 12.00
# Visual Studio Version 17
VisualStudioVersion = 17.11.35222.181
MinimumVisualStudioVersion = 10.0.40219.1
Project("{FAE04EC0-301F-11D3-BF4B-00C04F79EFBC}") = "Calculator-UWP", "Calculator-UWP.csproj", "{670E8A92-504C-4FED-A5B5-F4A005A42A04}"
EndProject
Global
	GlobalSection(SolutionConfigurationPlatforms) = preSolution
		Debug|ARM = Debug|ARM
		Debug|ARM64 = Debug|ARM64
		Debug|x64 = Debug|x64
		Debug|x86 = Debug|x86
		Release|ARM = Release|ARM
		Release|ARM64 = Release|ARM64
		Release|x64 = Release|x64
		Release|x86 = Release|x86
	EndGlobalSection
	GlobalSection(ProjectConfigurationPlatforms) = postSolution
		{670E8A92-504C-4FED-A5B5-F4A005A42A04}.Debug|ARM.ActiveCfg = Debug|ARM
		{670E8A92-504C-4FED-A5B5-F4A005A42A04}.Debug|ARM.Build.0 = Debug|ARM
		{670E8A92-504C-4FED-A5B5-F4A005A42A04}.Debug|ARM.Deploy.0 = Debug|ARM
		{670E8A92-504C-4FED-A5B5-F4A005A42A04}.Debug|ARM64.ActiveCfg = Debug|ARM64
		{670E8A92-504C-4FED-A5B5-F4A005A42A04}.Debug|ARM64.Build.0 = Debug|ARM64
		{670E8A92-504C-4FED-A5B5-F4A005A42A04}.Debug|ARM64.Deploy.0 = Debug|ARM64
		{670E8A92-504C-4FED-A5B5-F4A005A42A04}.Debug|x64.ActiveCfg = Debug|x64
		{670E8A92-504C-4FED-A5B5-F4A005A42A04}.Debug|x64.Build.0 = Debug|x64
		{670E8A92-504C-4FED-A5B5-F4A005A42A04}.Debug|x64.Deploy.0 = Debug|x64
		{670E8A92-504C-4FED-A5B5-F4A005A42A04}.Debug|x86.ActiveCfg = Debug|x86
		{670E8A92-504C-4FED-A5B5-F4A005A42A04}.Debug|x86.Build.0 = Debug|x86
		{670E8A92-504C-4FED-A5B5-F4A005A42A04}.Debug|x86.Deploy.0 = Debug|x86
		{670E8A92-504C-4FED-A5B5-F4A005A42A04}.Release|ARM.ActiveCfg = Release|ARM
		{670E8A92-504C-4FED-A5B5-F4A005A42A04}.Release|ARM.Build.0 = Release|ARM
		{670E8A92-504C-4FED-A5B5-F4A005A42A04}.Release|ARM.Deploy.0 = Release|ARM
		{670E8A92-504C-4FED-A5B5-F4A005A42A04}.Release|ARM64.ActiveCfg = Release|ARM64
		{670E8A92-504C-4FED-A5B5-F4A005A42A04}.Release|ARM64.Build.0 = Release|ARM64
		{670E8A92-504C-4FED-A5B5-F4A005A42A04}.Release|ARM64.Deploy.0 = Release|ARM64
		{670E8A92-504C-4FED-A5B5-F4A005A42A04}.Release|x64.ActiveCfg = Release|x64
		{670E8A92-504C-4FED-A5B5-F4A005A42A04}.Release|x64.Build.0 = Release|x64
		{670E8A92-504C-4FED-A5B5-F4A005A42A04}.Release|x64.Deploy.0 = Release|x64
		{670E8A92-504C-4FED-A5B5-F4A005A42A04}.Release|x86.ActiveCfg = Release|x86
		{670E8A92-504C-4FED-A5B5-F4A005A42A04}.Release|x86.Build.0 = Release|x86
		{670E8A92-504C-4FED-A5B5-F4A005A42A04}.Release|x86.Deploy.0 = Release|x86
	EndGlobalSection
	GlobalSection(SolutionProperties) = preSolution
		HideSolutionNode = FALSE
	EndGlobalSection
	GlobalSection(ExtensibilityGlobals) = postSolution
		SolutionGuid = {EEEF93AE-9396-4585-B096-CE867F9AA786}
	EndGlobalSection
EndGlobal
